
Microsoft Visual Studio Solution File, Format Version 12.00
# Visual Studio Version 17
VisualStudioVersion = 17.10.35122.118
MinimumVisualStudioVersion = 10.0.40219.1
Project("{9A19103F-16F7-4668-BE54-9A1E7A4F7556}") = "Chuong5", "Chuong5\Chuong5.csproj", "{BD3B81E5-F0C3-4E2B-9D51-A9265BC7DDD2}"
EndProject
Project("{9A19103F-16F7-4668-BE54-9A1E7A4F7556}") = "5.2", "5.2\5.2.csproj", "{69C86830-E9AE-4F09-B47D-7AD34BB7ED5C}"
EndProject
Project("{FAE04EC0-301F-11D3-BF4B-00C04F79EFBC}") = "5.3", "5.3\5.3.csproj", "{23CA3D8A-5920-484A-B8EC-E708988E7FC1}"
EndProject
Global
	GlobalSection(SolutionConfigurationPlatforms) = preSolution
		Debug|Any CPU = Debug|Any CPU
		Release|Any CPU = Release|Any CPU
	EndGlobalSection
	GlobalSection(ProjectConfigurationPlatforms) = postSolution
		{BD3B81E5-F0C3-4E2B-9D51-A9265BC7DDD2}.Debug|Any CPU.ActiveCfg = Debug|Any CPU
		{BD3B81E5-F0C3-4E2B-9D51-A9265BC7DDD2}.Debug|Any CPU.Build.0 = Debug|Any CPU
		{BD3B81E5-F0C3-4E2B-9D51-A9265BC7DDD2}.Release|Any CPU.ActiveCfg = Release|Any CPU
		{BD3B81E5-F0C3-4E2B-9D51-A9265BC7DDD2}.Release|Any CPU.Build.0 = Release|Any CPU
		{69C86830-E9AE-4F09-B47D-7AD34BB7ED5C}.Debug|Any CPU.ActiveCfg = Debug|Any CPU
		{69C86830-E9AE-4F09-B47D-7AD34BB7ED5C}.Debug|Any CPU.Build.0 = Debug|Any CPU
		{69C86830-E9AE-4F09-B47D-7AD34BB7ED5C}.Release|Any CPU.ActiveCfg = Release|Any CPU
		{69C86830-E9AE-4F09-B47D-7AD34BB7ED5C}.Release|Any CPU.Build.0 = Release|Any CPU
		{23CA3D8A-5920-484A-B8EC-E708988E7FC1}.Debug|Any CPU.ActiveCfg = Debug|Any CPU
		{23CA3D8A-5920-484A-B8EC-E708988E7FC1}.Debug|Any CPU.Build.0 = Debug|Any CPU
		{23CA3D8A-5920-484A-B8EC-E708988E7FC1}.Release|Any CPU.ActiveCfg = Release|Any CPU
		{23CA3D8A-5920-484A-B8EC-E708988E7FC1}.Release|Any CPU.Build.0 = Release|Any CPU
	EndGlobalSection
	GlobalSection(SolutionProperties) = preSolution
		HideSolutionNode = FALSE
	EndGlobalSection
	GlobalSection(ExtensibilityGlobals) = postSolution
		SolutionGuid = {7C020DC4-8A3A-4F2D-998D-7D3FC1A1BC5F}
	EndGlobalSection
EndGlobal
